// !$*UTF8*$!
{
	archiveVersion = 1;
	classes = {
	};
	objectVersion = 52;
	objects = {

/* Begin PBXBuildFile section */
		6F34CDBC26C28DC200767285 /* HistoryViewCell.swift in Sources */ = {isa = PBXBuildFile; fileRef = 6F34CDBB26C28DC200767285 /* HistoryViewCell.swift */; };
		6F34CDBE26C28DD400767285 /* DocumentsViewCell.swift in Sources */ = {isa = PBXBuildFile; fileRef = 6F34CDBD26C28DD400767285 /* DocumentsViewCell.swift */; };
		6F34CDC426C2CF2500767285 /* QueryRepository.swift in Sources */ = {isa = PBXBuildFile; fileRef = 6F34CDC226C2CF2500767285 /* QueryRepository.swift */; };
		6F34CDC526C2CF2500767285 /* CommandRepository.swift in Sources */ = {isa = PBXBuildFile; fileRef = 6F34CDC326C2CF2500767285 /* CommandRepository.swift */; };
		6F34CDD526C2CF3F00767285 /* DefaultStorage.swift in Sources */ = {isa = PBXBuildFile; fileRef = 6F34CDC726C2CF3E00767285 /* DefaultStorage.swift */; };
		6F34CDD626C2CF3F00767285 /* DefaultNetwork.swift in Sources */ = {isa = PBXBuildFile; fileRef = 6F34CDC826C2CF3F00767285 /* DefaultNetwork.swift */; };
		6F34CDD726C2CF3F00767285 /* DocumentDTO.swift in Sources */ = {isa = PBXBuildFile; fileRef = 6F34CDCB26C2CF3F00767285 /* DocumentDTO.swift */; };
		6F34CDD826C2CF3F00767285 /* DocumentsRepository.swift in Sources */ = {isa = PBXBuildFile; fileRef = 6F34CDCD26C2CF3F00767285 /* DocumentsRepository.swift */; };
		6F34CDD926C2CF3F00767285 /* HistoryRepository.swift in Sources */ = {isa = PBXBuildFile; fileRef = 6F34CDCE26C2CF3F00767285 /* HistoryRepository.swift */; };
		6F34CDDA26C2CF3F00767285 /* Storage.swift in Sources */ = {isa = PBXBuildFile; fileRef = 6F34CDD026C2CF3F00767285 /* Storage.swift */; };
		6F34CDDB26C2CF3F00767285 /* Network.swift in Sources */ = {isa = PBXBuildFile; fileRef = 6F34CDD126C2CF3F00767285 /* Network.swift */; };
		6F34CDDC26C2CF3F00767285 /* DocumentsMapper.swift in Sources */ = {isa = PBXBuildFile; fileRef = 6F34CDD326C2CF3F00767285 /* DocumentsMapper.swift */; };
		6F34CDDD26C2CF3F00767285 /* Mapper.swift in Sources */ = {isa = PBXBuildFile; fileRef = 6F34CDD426C2CF3F00767285 /* Mapper.swift */; };
		6F34CDE626C2DBC700767285 /* AppDelegate+Injection.swift in Sources */ = {isa = PBXBuildFile; fileRef = 6F34CDE126C2DBC700767285 /* AppDelegate+Injection.swift */; };
		6F34CDE726C2DBC700767285 /* Data+Injection.swift in Sources */ = {isa = PBXBuildFile; fileRef = 6F34CDE226C2DBC700767285 /* Data+Injection.swift */; };
		6F34CDE826C2DBC700767285 /* UI+Injection.swift in Sources */ = {isa = PBXBuildFile; fileRef = 6F34CDE326C2DBC700767285 /* UI+Injection.swift */; };
		6F34CDE926C2DBC700767285 /* Domain+Injection.swift in Sources */ = {isa = PBXBuildFile; fileRef = 6F34CDE426C2DBC700767285 /* Domain+Injection.swift */; };
		6F34CDEA26C2DBC700767285 /* Platform+Injection.swift in Sources */ = {isa = PBXBuildFile; fileRef = 6F34CDE526C2DBC700767285 /* Platform+Injection.swift */; };
		6F51BD9826C138770067F8EF /* DocumentsViewModelTests.swift in Sources */ = {isa = PBXBuildFile; fileRef = 6F51BD9726C138770067F8EF /* DocumentsViewModelTests.swift */; };
		6F51BD9D26C14A5C0067F8EF /* Document+Extension.swift in Sources */ = {isa = PBXBuildFile; fileRef = 6F51BD9C26C14A5C0067F8EF /* Document+Extension.swift */; };
		6F51BD9F26C14D140067F8EF /* TestError.swift in Sources */ = {isa = PBXBuildFile; fileRef = 6F51BD9E26C14D140067F8EF /* TestError.swift */; };
		6F51BDA326C160FE0067F8EF /* HistoryViewModelTests.swift in Sources */ = {isa = PBXBuildFile; fileRef = 6F51BDA226C160FE0067F8EF /* HistoryViewModelTests.swift */; };
		6F51BDA826C17E000067F8EF /* SearchDocumentUseCaseTests.swift in Sources */ = {isa = PBXBuildFile; fileRef = 6F51BDA726C17E000067F8EF /* SearchDocumentUseCaseTests.swift */; };
		6F51BDAB26C17EAD0067F8EF /* AddHistoryUseCaseTests.swift in Sources */ = {isa = PBXBuildFile; fileRef = 6F51BDAA26C17EAD0067F8EF /* AddHistoryUseCaseTests.swift */; };
		6F51BDAD26C17EC00067F8EF /* SearchHistoryUseCaseTests.swift in Sources */ = {isa = PBXBuildFile; fileRef = 6F51BDAC26C17EC00067F8EF /* SearchHistoryUseCaseTests.swift */; };
		6F51BDAF26C183580067F8EF /* UIViewController+AlertError.swift in Sources */ = {isa = PBXBuildFile; fileRef = 6F51BDAE26C183580067F8EF /* UIViewController+AlertError.swift */; };
		6F6A5D0B26BD329600397A2C /* AppDelegate.swift in Sources */ = {isa = PBXBuildFile; fileRef = 6F6A5D0A26BD329600397A2C /* AppDelegate.swift */; };
		6F6A5D0D26BD329600397A2C /* SceneDelegate.swift in Sources */ = {isa = PBXBuildFile; fileRef = 6F6A5D0C26BD329600397A2C /* SceneDelegate.swift */; };
		6F6A5D1226BD329600397A2C /* Main.storyboard in Resources */ = {isa = PBXBuildFile; fileRef = 6F6A5D1026BD329600397A2C /* Main.storyboard */; };
		6F6A5D1426BD329700397A2C /* Assets.xcassets in Resources */ = {isa = PBXBuildFile; fileRef = 6F6A5D1326BD329700397A2C /* Assets.xcassets */; };
		6F6A5D1726BD329700397A2C /* LaunchScreen.storyboard in Resources */ = {isa = PBXBuildFile; fileRef = 6F6A5D1526BD329700397A2C /* LaunchScreen.storyboard */; };
		6F6A5D2D26BD329800397A2C /* PLOSClientUITests.swift in Sources */ = {isa = PBXBuildFile; fileRef = 6F6A5D2C26BD329800397A2C /* PLOSClientUITests.swift */; };
		6F6A5D3C26BD336D00397A2C /* Resolver in Frameworks */ = {isa = PBXBuildFile; productRef = 6F6A5D3B26BD336D00397A2C /* Resolver */; };
		6F6A5D4626BD35DA00397A2C /* DocumentsViewController.swift in Sources */ = {isa = PBXBuildFile; fileRef = 6F6A5D4526BD35DA00397A2C /* DocumentsViewController.swift */; };
		6F6A5D4826BD377800397A2C /* HistoryViewController.swift in Sources */ = {isa = PBXBuildFile; fileRef = 6F6A5D4726BD377800397A2C /* HistoryViewController.swift */; };
		6F6A5D4A26BD3CBC00397A2C /* DocumentsViewModel.swift in Sources */ = {isa = PBXBuildFile; fileRef = 6F6A5D4926BD3CBC00397A2C /* DocumentsViewModel.swift */; };
		6F6A5D4C26BD3CD100397A2C /* HistoryViewModel.swift in Sources */ = {isa = PBXBuildFile; fileRef = 6F6A5D4B26BD3CD100397A2C /* HistoryViewModel.swift */; };
		6F6A5D5126BD3EFA00397A2C /* UseCase.swift in Sources */ = {isa = PBXBuildFile; fileRef = 6F6A5D5026BD3EFA00397A2C /* UseCase.swift */; };
		6F6A5D5526BD3F7000397A2C /* SearchDocumentUseCase.swift in Sources */ = {isa = PBXBuildFile; fileRef = 6F6A5D5426BD3F7000397A2C /* SearchDocumentUseCase.swift */; };
		6F6A5D5826BD3FA900397A2C /* Document.swift in Sources */ = {isa = PBXBuildFile; fileRef = 6F6A5D5726BD3FA900397A2C /* Document.swift */; };
		6F6A5D5A26BD3FB900397A2C /* History.swift in Sources */ = {isa = PBXBuildFile; fileRef = 6F6A5D5926BD3FB900397A2C /* History.swift */; };
		6F6A5D5C26BD421000397A2C /* AddHistoryUseCase.swift in Sources */ = {isa = PBXBuildFile; fileRef = 6F6A5D5B26BD421000397A2C /* AddHistoryUseCase.swift */; };
		6F6A5D5E26BD437300397A2C /* SearchHistoryUseCase.swift in Sources */ = {isa = PBXBuildFile; fileRef = 6F6A5D5D26BD437300397A2C /* SearchHistoryUseCase.swift */; };
		6F6A5D6226BD448300397A2C /* Binder.swift in Sources */ = {isa = PBXBuildFile; fileRef = 6F6A5D6126BD448300397A2C /* Binder.swift */; };
		6FD5AB6626C3DA4F005E3993 /* HistoryRepositoryTests.swift in Sources */ = {isa = PBXBuildFile; fileRef = 6FD5AB6426C3DA4F005E3993 /* HistoryRepositoryTests.swift */; };
		6FD5AB6726C3DA4F005E3993 /* DocumentsRepositoryTests.swift in Sources */ = {isa = PBXBuildFile; fileRef = 6FD5AB6526C3DA4F005E3993 /* DocumentsRepositoryTests.swift */; };
/* End PBXBuildFile section */

/* Begin PBXContainerItemProxy section */
		6F6A5D1E26BD329800397A2C /* PBXContainerItemProxy */ = {
			isa = PBXContainerItemProxy;
			containerPortal = 6F6A5CFF26BD329600397A2C /* Project object */;
			proxyType = 1;
			remoteGlobalIDString = 6F6A5D0626BD329600397A2C;
			remoteInfo = PLOSClient;
		};
		6F6A5D2926BD329800397A2C /* PBXContainerItemProxy */ = {
			isa = PBXContainerItemProxy;
			containerPortal = 6F6A5CFF26BD329600397A2C /* Project object */;
			proxyType = 1;
			remoteGlobalIDString = 6F6A5D0626BD329600397A2C;
			remoteInfo = PLOSClient;
		};
/* End PBXContainerItemProxy section */

/* Begin PBXFileReference section */
		6F34CDBB26C28DC200767285 /* HistoryViewCell.swift */ = {isa = PBXFileReference; lastKnownFileType = sourcecode.swift; path = HistoryViewCell.swift; sourceTree = "<group>"; };
		6F34CDBD26C28DD400767285 /* DocumentsViewCell.swift */ = {isa = PBXFileReference; lastKnownFileType = sourcecode.swift; path = DocumentsViewCell.swift; sourceTree = "<group>"; };
		6F34CDC226C2CF2500767285 /* QueryRepository.swift */ = {isa = PBXFileReference; fileEncoding = 4; lastKnownFileType = sourcecode.swift; path = QueryRepository.swift; sourceTree = "<group>"; };
		6F34CDC326C2CF2500767285 /* CommandRepository.swift */ = {isa = PBXFileReference; fileEncoding = 4; lastKnownFileType = sourcecode.swift; path = CommandRepository.swift; sourceTree = "<group>"; };
		6F34CDC726C2CF3E00767285 /* DefaultStorage.swift */ = {isa = PBXFileReference; fileEncoding = 4; lastKnownFileType = sourcecode.swift; path = DefaultStorage.swift; sourceTree = "<group>"; };
		6F34CDC826C2CF3F00767285 /* DefaultNetwork.swift */ = {isa = PBXFileReference; fileEncoding = 4; lastKnownFileType = sourcecode.swift; path = DefaultNetwork.swift; sourceTree = "<group>"; };
		6F34CDCB26C2CF3F00767285 /* DocumentDTO.swift */ = {isa = PBXFileReference; fileEncoding = 4; lastKnownFileType = sourcecode.swift; path = DocumentDTO.swift; sourceTree = "<group>"; };
		6F34CDCD26C2CF3F00767285 /* DocumentsRepository.swift */ = {isa = PBXFileReference; fileEncoding = 4; lastKnownFileType = sourcecode.swift; path = DocumentsRepository.swift; sourceTree = "<group>"; };
		6F34CDCE26C2CF3F00767285 /* HistoryRepository.swift */ = {isa = PBXFileReference; fileEncoding = 4; lastKnownFileType = sourcecode.swift; path = HistoryRepository.swift; sourceTree = "<group>"; };
		6F34CDD026C2CF3F00767285 /* Storage.swift */ = {isa = PBXFileReference; fileEncoding = 4; lastKnownFileType = sourcecode.swift; path = Storage.swift; sourceTree = "<group>"; };
		6F34CDD126C2CF3F00767285 /* Network.swift */ = {isa = PBXFileReference; fileEncoding = 4; lastKnownFileType = sourcecode.swift; path = Network.swift; sourceTree = "<group>"; };
		6F34CDD326C2CF3F00767285 /* DocumentsMapper.swift */ = {isa = PBXFileReference; fileEncoding = 4; lastKnownFileType = sourcecode.swift; path = DocumentsMapper.swift; sourceTree = "<group>"; };
		6F34CDD426C2CF3F00767285 /* Mapper.swift */ = {isa = PBXFileReference; fileEncoding = 4; lastKnownFileType = sourcecode.swift; path = Mapper.swift; sourceTree = "<group>"; };
		6F34CDE126C2DBC700767285 /* AppDelegate+Injection.swift */ = {isa = PBXFileReference; fileEncoding = 4; lastKnownFileType = sourcecode.swift; path = "AppDelegate+Injection.swift"; sourceTree = "<group>"; };
		6F34CDE226C2DBC700767285 /* Data+Injection.swift */ = {isa = PBXFileReference; fileEncoding = 4; lastKnownFileType = sourcecode.swift; path = "Data+Injection.swift"; sourceTree = "<group>"; };
		6F34CDE326C2DBC700767285 /* UI+Injection.swift */ = {isa = PBXFileReference; fileEncoding = 4; lastKnownFileType = sourcecode.swift; path = "UI+Injection.swift"; sourceTree = "<group>"; };
		6F34CDE426C2DBC700767285 /* Domain+Injection.swift */ = {isa = PBXFileReference; fileEncoding = 4; lastKnownFileType = sourcecode.swift; path = "Domain+Injection.swift"; sourceTree = "<group>"; };
		6F34CDE526C2DBC700767285 /* Platform+Injection.swift */ = {isa = PBXFileReference; fileEncoding = 4; lastKnownFileType = sourcecode.swift; path = "Platform+Injection.swift"; sourceTree = "<group>"; };
		6F51BD9726C138770067F8EF /* DocumentsViewModelTests.swift */ = {isa = PBXFileReference; lastKnownFileType = sourcecode.swift; path = DocumentsViewModelTests.swift; sourceTree = "<group>"; };
		6F51BD9C26C14A5C0067F8EF /* Document+Extension.swift */ = {isa = PBXFileReference; lastKnownFileType = sourcecode.swift; path = "Document+Extension.swift"; sourceTree = "<group>"; };
		6F51BD9E26C14D140067F8EF /* TestError.swift */ = {isa = PBXFileReference; lastKnownFileType = sourcecode.swift; path = TestError.swift; sourceTree = "<group>"; };
		6F51BDA226C160FE0067F8EF /* HistoryViewModelTests.swift */ = {isa = PBXFileReference; lastKnownFileType = sourcecode.swift; path = HistoryViewModelTests.swift; sourceTree = "<group>"; };
		6F51BDA726C17E000067F8EF /* SearchDocumentUseCaseTests.swift */ = {isa = PBXFileReference; lastKnownFileType = sourcecode.swift; path = SearchDocumentUseCaseTests.swift; sourceTree = "<group>"; };
		6F51BDAA26C17EAD0067F8EF /* AddHistoryUseCaseTests.swift */ = {isa = PBXFileReference; lastKnownFileType = sourcecode.swift; path = AddHistoryUseCaseTests.swift; sourceTree = "<group>"; };
		6F51BDAC26C17EC00067F8EF /* SearchHistoryUseCaseTests.swift */ = {isa = PBXFileReference; lastKnownFileType = sourcecode.swift; path = SearchHistoryUseCaseTests.swift; sourceTree = "<group>"; };
		6F51BDAE26C183580067F8EF /* UIViewController+AlertError.swift */ = {isa = PBXFileReference; lastKnownFileType = sourcecode.swift; path = "UIViewController+AlertError.swift"; sourceTree = "<group>"; };
		6F6A5D0726BD329600397A2C /* PLOSClient.app */ = {isa = PBXFileReference; explicitFileType = wrapper.application; includeInIndex = 0; path = PLOSClient.app; sourceTree = BUILT_PRODUCTS_DIR; };
		6F6A5D0A26BD329600397A2C /* AppDelegate.swift */ = {isa = PBXFileReference; lastKnownFileType = sourcecode.swift; path = AppDelegate.swift; sourceTree = "<group>"; };
		6F6A5D0C26BD329600397A2C /* SceneDelegate.swift */ = {isa = PBXFileReference; lastKnownFileType = sourcecode.swift; path = SceneDelegate.swift; sourceTree = "<group>"; };
		6F6A5D1126BD329600397A2C /* Base */ = {isa = PBXFileReference; lastKnownFileType = file.storyboard; name = Base; path = Base.lproj/Main.storyboard; sourceTree = "<group>"; };
		6F6A5D1326BD329700397A2C /* Assets.xcassets */ = {isa = PBXFileReference; lastKnownFileType = folder.assetcatalog; path = Assets.xcassets; sourceTree = "<group>"; };
		6F6A5D1626BD329700397A2C /* Base */ = {isa = PBXFileReference; lastKnownFileType = file.storyboard; name = Base; path = Base.lproj/LaunchScreen.storyboard; sourceTree = "<group>"; };
		6F6A5D1826BD329700397A2C /* Info.plist */ = {isa = PBXFileReference; lastKnownFileType = text.plist.xml; path = Info.plist; sourceTree = "<group>"; };
		6F6A5D1D26BD329800397A2C /* PLOSClientTests.xctest */ = {isa = PBXFileReference; explicitFileType = wrapper.cfbundle; includeInIndex = 0; path = PLOSClientTests.xctest; sourceTree = BUILT_PRODUCTS_DIR; };
		6F6A5D2326BD329800397A2C /* Info.plist */ = {isa = PBXFileReference; lastKnownFileType = text.plist.xml; path = Info.plist; sourceTree = "<group>"; };
		6F6A5D2826BD329800397A2C /* PLOSClientUITests.xctest */ = {isa = PBXFileReference; explicitFileType = wrapper.cfbundle; includeInIndex = 0; path = PLOSClientUITests.xctest; sourceTree = BUILT_PRODUCTS_DIR; };
		6F6A5D2C26BD329800397A2C /* PLOSClientUITests.swift */ = {isa = PBXFileReference; lastKnownFileType = sourcecode.swift; path = PLOSClientUITests.swift; sourceTree = "<group>"; };
		6F6A5D2E26BD329800397A2C /* Info.plist */ = {isa = PBXFileReference; lastKnownFileType = text.plist.xml; path = Info.plist; sourceTree = "<group>"; };
		6F6A5D4526BD35DA00397A2C /* DocumentsViewController.swift */ = {isa = PBXFileReference; lastKnownFileType = sourcecode.swift; path = DocumentsViewController.swift; sourceTree = "<group>"; };
		6F6A5D4726BD377800397A2C /* HistoryViewController.swift */ = {isa = PBXFileReference; lastKnownFileType = sourcecode.swift; path = HistoryViewController.swift; sourceTree = "<group>"; };
		6F6A5D4926BD3CBC00397A2C /* DocumentsViewModel.swift */ = {isa = PBXFileReference; lastKnownFileType = sourcecode.swift; path = DocumentsViewModel.swift; sourceTree = "<group>"; };
		6F6A5D4B26BD3CD100397A2C /* HistoryViewModel.swift */ = {isa = PBXFileReference; lastKnownFileType = sourcecode.swift; path = HistoryViewModel.swift; sourceTree = "<group>"; };
		6F6A5D5026BD3EFA00397A2C /* UseCase.swift */ = {isa = PBXFileReference; lastKnownFileType = sourcecode.swift; path = UseCase.swift; sourceTree = "<group>"; };
		6F6A5D5426BD3F7000397A2C /* SearchDocumentUseCase.swift */ = {isa = PBXFileReference; lastKnownFileType = sourcecode.swift; path = SearchDocumentUseCase.swift; sourceTree = "<group>"; };
		6F6A5D5726BD3FA900397A2C /* Document.swift */ = {isa = PBXFileReference; lastKnownFileType = sourcecode.swift; path = Document.swift; sourceTree = "<group>"; };
		6F6A5D5926BD3FB900397A2C /* History.swift */ = {isa = PBXFileReference; lastKnownFileType = sourcecode.swift; path = History.swift; sourceTree = "<group>"; };
		6F6A5D5B26BD421000397A2C /* AddHistoryUseCase.swift */ = {isa = PBXFileReference; lastKnownFileType = sourcecode.swift; path = AddHistoryUseCase.swift; sourceTree = "<group>"; };
		6F6A5D5D26BD437300397A2C /* SearchHistoryUseCase.swift */ = {isa = PBXFileReference; lastKnownFileType = sourcecode.swift; path = SearchHistoryUseCase.swift; sourceTree = "<group>"; };
		6F6A5D6126BD448300397A2C /* Binder.swift */ = {isa = PBXFileReference; lastKnownFileType = sourcecode.swift; path = Binder.swift; sourceTree = "<group>"; };
		6FD5AB6426C3DA4F005E3993 /* HistoryRepositoryTests.swift */ = {isa = PBXFileReference; fileEncoding = 4; lastKnownFileType = sourcecode.swift; path = HistoryRepositoryTests.swift; sourceTree = "<group>"; };
		6FD5AB6526C3DA4F005E3993 /* DocumentsRepositoryTests.swift */ = {isa = PBXFileReference; fileEncoding = 4; lastKnownFileType = sourcecode.swift; path = DocumentsRepositoryTests.swift; sourceTree = "<group>"; };
/* End PBXFileReference section */

/* Begin PBXFrameworksBuildPhase section */
		6F6A5D0426BD329600397A2C /* Frameworks */ = {
			isa = PBXFrameworksBuildPhase;
			buildActionMask = 2147483647;
			files = (
				6F6A5D3C26BD336D00397A2C /* Resolver in Frameworks */,
			);
			runOnlyForDeploymentPostprocessing = 0;
		};
		6F6A5D1A26BD329800397A2C /* Frameworks */ = {
			isa = PBXFrameworksBuildPhase;
			buildActionMask = 2147483647;
			files = (
			);
			runOnlyForDeploymentPostprocessing = 0;
		};
		6F6A5D2526BD329800397A2C /* Frameworks */ = {
			isa = PBXFrameworksBuildPhase;
			buildActionMask = 2147483647;
			files = (
			);
			runOnlyForDeploymentPostprocessing = 0;
		};
/* End PBXFrameworksBuildPhase section */

/* Begin PBXGroup section */
		6F34CDB926C28D8600767285 /* Documents */ = {
			isa = PBXGroup;
			children = (
				6F6A5D4526BD35DA00397A2C /* DocumentsViewController.swift */,
				6F34CDBD26C28DD400767285 /* DocumentsViewCell.swift */,
			);
			path = Documents;
			sourceTree = "<group>";
		};
		6F34CDBA26C28D8C00767285 /* History */ = {
			isa = PBXGroup;
			children = (
				6F6A5D4726BD377800397A2C /* HistoryViewController.swift */,
				6F34CDBB26C28DC200767285 /* HistoryViewCell.swift */,
			);
			path = History;
			sourceTree = "<group>";
		};
		6F34CDC126C2CF2500767285 /* Data */ = {
			isa = PBXGroup;
			children = (
				6F34CDC226C2CF2500767285 /* QueryRepository.swift */,
				6F34CDC326C2CF2500767285 /* CommandRepository.swift */,
			);
			path = Data;
			sourceTree = "<group>";
		};
		6F34CDC626C2CF3E00767285 /* Platform */ = {
			isa = PBXGroup;
			children = (
				6F34CDC726C2CF3E00767285 /* DefaultStorage.swift */,
				6F34CDC826C2CF3F00767285 /* DefaultNetwork.swift */,
			);
			path = Platform;
			sourceTree = "<group>";
		};
		6F34CDC926C2CF3F00767285 /* Data */ = {
			isa = PBXGroup;
			children = (
				6F34CDCA26C2CF3F00767285 /* DTO */,
				6F34CDCC26C2CF3F00767285 /* Repository */,
				6F34CDCF26C2CF3F00767285 /* Platform */,
				6F34CDD226C2CF3F00767285 /* Mapper */,
			);
			path = Data;
			sourceTree = "<group>";
		};
		6F34CDCA26C2CF3F00767285 /* DTO */ = {
			isa = PBXGroup;
			children = (
				6F34CDCB26C2CF3F00767285 /* DocumentDTO.swift */,
			);
			path = DTO;
			sourceTree = "<group>";
		};
		6F34CDCC26C2CF3F00767285 /* Repository */ = {
			isa = PBXGroup;
			children = (
				6F34CDCD26C2CF3F00767285 /* DocumentsRepository.swift */,
				6F34CDCE26C2CF3F00767285 /* HistoryRepository.swift */,
			);
			path = Repository;
			sourceTree = "<group>";
		};
		6F34CDCF26C2CF3F00767285 /* Platform */ = {
			isa = PBXGroup;
			children = (
				6F34CDD026C2CF3F00767285 /* Storage.swift */,
				6F34CDD126C2CF3F00767285 /* Network.swift */,
			);
			path = Platform;
			sourceTree = "<group>";
		};
		6F34CDD226C2CF3F00767285 /* Mapper */ = {
			isa = PBXGroup;
			children = (
				6F34CDD326C2CF3F00767285 /* DocumentsMapper.swift */,
				6F34CDD426C2CF3F00767285 /* Mapper.swift */,
			);
			path = Mapper;
			sourceTree = "<group>";
		};
		6F34CDE026C2DBC700767285 /* DI */ = {
			isa = PBXGroup;
			children = (
				6F34CDE126C2DBC700767285 /* AppDelegate+Injection.swift */,
				6F34CDE226C2DBC700767285 /* Data+Injection.swift */,
				6F34CDE326C2DBC700767285 /* UI+Injection.swift */,
				6F34CDE426C2DBC700767285 /* Domain+Injection.swift */,
				6F34CDE526C2DBC700767285 /* Platform+Injection.swift */,
			);
			path = DI;
			sourceTree = "<group>";
		};
		6F51BD9526C138420067F8EF /* UI */ = {
			isa = PBXGroup;
			children = (
				6F51BD9626C1384C0067F8EF /* ViewModel */,
			);
			path = UI;
			sourceTree = "<group>";
		};
		6F51BD9626C1384C0067F8EF /* ViewModel */ = {
			isa = PBXGroup;
			children = (
				6F51BD9726C138770067F8EF /* DocumentsViewModelTests.swift */,
				6F51BDA226C160FE0067F8EF /* HistoryViewModelTests.swift */,
			);
			path = ViewModel;
			sourceTree = "<group>";
		};
		6F51BD9926C148050067F8EF /* Frameworks */ = {
			isa = PBXGroup;
			children = (
			);
			name = Frameworks;
			sourceTree = "<group>";
		};
		6F51BDA426C17CE40067F8EF /* UseCase */ = {
			isa = PBXGroup;
			children = (
				6F51BDA626C17DEF0067F8EF /* Document */,
				6F51BDA926C17E900067F8EF /* History */,
			);
			path = UseCase;
			sourceTree = "<group>";
		};
		6F51BDA526C17CEE0067F8EF /* Domain */ = {
			isa = PBXGroup;
			children = (
				6F51BDA426C17CE40067F8EF /* UseCase */,
			);
			path = Domain;
			sourceTree = "<group>";
		};
		6F51BDA626C17DEF0067F8EF /* Document */ = {
			isa = PBXGroup;
			children = (
				6F51BDA726C17E000067F8EF /* SearchDocumentUseCaseTests.swift */,
			);
			path = Document;
			sourceTree = "<group>";
		};
		6F51BDA926C17E900067F8EF /* History */ = {
			isa = PBXGroup;
			children = (
				6F51BDAA26C17EAD0067F8EF /* AddHistoryUseCaseTests.swift */,
				6F51BDAC26C17EC00067F8EF /* SearchHistoryUseCaseTests.swift */,
			);
			path = History;
			sourceTree = "<group>";
		};
		6F6A5CFE26BD329600397A2C = {
			isa = PBXGroup;
			children = (
				6F6A5D0926BD329600397A2C /* PLOSClient */,
				6F6A5D2026BD329800397A2C /* PLOSClientTests */,
				6F6A5D2B26BD329800397A2C /* PLOSClientUITests */,
				6F6A5D0826BD329600397A2C /* Products */,
				6F51BD9926C148050067F8EF /* Frameworks */,
			);
			sourceTree = "<group>";
		};
		6F6A5D0826BD329600397A2C /* Products */ = {
			isa = PBXGroup;
			children = (
				6F6A5D0726BD329600397A2C /* PLOSClient.app */,
				6F6A5D1D26BD329800397A2C /* PLOSClientTests.xctest */,
				6F6A5D2826BD329800397A2C /* PLOSClientUITests.xctest */,
			);
			name = Products;
			sourceTree = "<group>";
		};
		6F6A5D0926BD329600397A2C /* PLOSClient */ = {
			isa = PBXGroup;
			children = (
				6F34CDE026C2DBC700767285 /* DI */,
				6F34CDC626C2CF3E00767285 /* Platform */,
				6F34CDC926C2CF3F00767285 /* Data */,
				6F6A5D4D26BD3EB100397A2C /* Domain */,
				6F6A5D4326BD358600397A2C /* UI */,
				6F6A5D0A26BD329600397A2C /* AppDelegate.swift */,
				6F6A5D0C26BD329600397A2C /* SceneDelegate.swift */,
				6F6A5D1026BD329600397A2C /* Main.storyboard */,
				6F6A5D1326BD329700397A2C /* Assets.xcassets */,
				6F6A5D1526BD329700397A2C /* LaunchScreen.storyboard */,
				6F6A5D1826BD329700397A2C /* Info.plist */,
			);
			path = PLOSClient;
			sourceTree = "<group>";
		};
		6F6A5D2026BD329800397A2C /* PLOSClientTests */ = {
			isa = PBXGroup;
			children = (
				6FD5AB6226C3DA4F005E3993 /* Data */,
				6F51BDA526C17CEE0067F8EF /* Domain */,
				6F51BD9526C138420067F8EF /* UI */,
				6F51BD9C26C14A5C0067F8EF /* Document+Extension.swift */,
				6F51BD9E26C14D140067F8EF /* TestError.swift */,
				6F6A5D2326BD329800397A2C /* Info.plist */,
			);
			path = PLOSClientTests;
			sourceTree = "<group>";
		};
		6F6A5D2B26BD329800397A2C /* PLOSClientUITests */ = {
			isa = PBXGroup;
			children = (
				6F6A5D2C26BD329800397A2C /* PLOSClientUITests.swift */,
				6F6A5D2E26BD329800397A2C /* Info.plist */,
			);
			path = PLOSClientUITests;
			sourceTree = "<group>";
		};
		6F6A5D4226BD357E00397A2C /* View */ = {
			isa = PBXGroup;
			children = (
				6F34CDBA26C28D8C00767285 /* History */,
				6F34CDB926C28D8600767285 /* Documents */,
				6F51BDAE26C183580067F8EF /* UIViewController+AlertError.swift */,
			);
			path = View;
			sourceTree = "<group>";
		};
		6F6A5D4326BD358600397A2C /* UI */ = {
			isa = PBXGroup;
			children = (
				6F6A5D4226BD357E00397A2C /* View */,
				6F6A5D4426BD358F00397A2C /* ViewModel */,
			);
			path = UI;
			sourceTree = "<group>";
		};
		6F6A5D4426BD358F00397A2C /* ViewModel */ = {
			isa = PBXGroup;
			children = (
				6F6A5D4926BD3CBC00397A2C /* DocumentsViewModel.swift */,
				6F6A5D4B26BD3CD100397A2C /* HistoryViewModel.swift */,
				6F6A5D6126BD448300397A2C /* Binder.swift */,
			);
			path = ViewModel;
			sourceTree = "<group>";
		};
		6F6A5D4D26BD3EB100397A2C /* Domain */ = {
			isa = PBXGroup;
			children = (
				6F34CDC126C2CF2500767285 /* Data */,
				6F6A5D5626BD3F9600397A2C /* Entity */,
				6F6A5D4E26BD3EDE00397A2C /* UseCase */,
			);
			path = Domain;
			sourceTree = "<group>";
		};
		6F6A5D4E26BD3EDE00397A2C /* UseCase */ = {
			isa = PBXGroup;
			children = (
				6F6A5D5226BD3F5500397A2C /* Document */,
				6F6A5D5326BD3F5B00397A2C /* History */,
				6F6A5D5026BD3EFA00397A2C /* UseCase.swift */,
			);
			path = UseCase;
			sourceTree = "<group>";
		};
		6F6A5D5226BD3F5500397A2C /* Document */ = {
			isa = PBXGroup;
			children = (
				6F6A5D5426BD3F7000397A2C /* SearchDocumentUseCase.swift */,
			);
			path = Document;
			sourceTree = "<group>";
		};
		6F6A5D5326BD3F5B00397A2C /* History */ = {
			isa = PBXGroup;
			children = (
				6F6A5D5B26BD421000397A2C /* AddHistoryUseCase.swift */,
				6F6A5D5D26BD437300397A2C /* SearchHistoryUseCase.swift */,
			);
			path = History;
			sourceTree = "<group>";
		};
		6F6A5D5626BD3F9600397A2C /* Entity */ = {
			isa = PBXGroup;
			children = (
				6F6A5D5726BD3FA900397A2C /* Document.swift */,
				6F6A5D5926BD3FB900397A2C /* History.swift */,
			);
			name = Entity;
			path = UseCase/Entity;
			sourceTree = "<group>";
		};
		6FD5AB6226C3DA4F005E3993 /* Data */ = {
			isa = PBXGroup;
			children = (
				6FD5AB6326C3DA4F005E3993 /* Repository */,
			);
			path = Data;
			sourceTree = "<group>";
		};
		6FD5AB6326C3DA4F005E3993 /* Repository */ = {
			isa = PBXGroup;
			children = (
				6FD5AB6426C3DA4F005E3993 /* HistoryRepositoryTests.swift */,
				6FD5AB6526C3DA4F005E3993 /* DocumentsRepositoryTests.swift */,
			);
			path = Repository;
			sourceTree = "<group>";
		};
/* End PBXGroup section */

/* Begin PBXNativeTarget section */
		6F6A5D0626BD329600397A2C /* PLOSClient */ = {
			isa = PBXNativeTarget;
			buildConfigurationList = 6F6A5D3126BD329800397A2C /* Build configuration list for PBXNativeTarget "PLOSClient" */;
			buildPhases = (
				6F6A5D0326BD329600397A2C /* Sources */,
				6F6A5D0426BD329600397A2C /* Frameworks */,
				6F6A5D0526BD329600397A2C /* Resources */,
			);
			buildRules = (
			);
			dependencies = (
			);
			name = PLOSClient;
			packageProductDependencies = (
				6F6A5D3B26BD336D00397A2C /* Resolver */,
			);
			productName = PLOSClient;
			productReference = 6F6A5D0726BD329600397A2C /* PLOSClient.app */;
			productType = "com.apple.product-type.application";
		};
		6F6A5D1C26BD329800397A2C /* PLOSClientTests */ = {
			isa = PBXNativeTarget;
			buildConfigurationList = 6F6A5D3426BD329800397A2C /* Build configuration list for PBXNativeTarget "PLOSClientTests" */;
			buildPhases = (
				6F6A5D1926BD329800397A2C /* Sources */,
				6F6A5D1A26BD329800397A2C /* Frameworks */,
				6F6A5D1B26BD329800397A2C /* Resources */,
			);
			buildRules = (
			);
			dependencies = (
				6F6A5D1F26BD329800397A2C /* PBXTargetDependency */,
			);
			name = PLOSClientTests;
			packageProductDependencies = (
			);
			productName = PLOSClientTests;
			productReference = 6F6A5D1D26BD329800397A2C /* PLOSClientTests.xctest */;
			productType = "com.apple.product-type.bundle.unit-test";
		};
		6F6A5D2726BD329800397A2C /* PLOSClientUITests */ = {
			isa = PBXNativeTarget;
			buildConfigurationList = 6F6A5D3726BD329800397A2C /* Build configuration list for PBXNativeTarget "PLOSClientUITests" */;
			buildPhases = (
				6F6A5D2426BD329800397A2C /* Sources */,
				6F6A5D2526BD329800397A2C /* Frameworks */,
				6F6A5D2626BD329800397A2C /* Resources */,
			);
			buildRules = (
			);
			dependencies = (
				6F6A5D2A26BD329800397A2C /* PBXTargetDependency */,
			);
			name = PLOSClientUITests;
			productName = PLOSClientUITests;
			productReference = 6F6A5D2826BD329800397A2C /* PLOSClientUITests.xctest */;
			productType = "com.apple.product-type.bundle.ui-testing";
		};
/* End PBXNativeTarget section */

/* Begin PBXProject section */
		6F6A5CFF26BD329600397A2C /* Project object */ = {
			isa = PBXProject;
			attributes = {
				LastSwiftUpdateCheck = 1250;
				LastUpgradeCheck = 1250;
				TargetAttributes = {
					6F6A5D0626BD329600397A2C = {
						CreatedOnToolsVersion = 12.5.1;
					};
					6F6A5D1C26BD329800397A2C = {
						CreatedOnToolsVersion = 12.5.1;
						LastSwiftMigration = 1250;
						TestTargetID = 6F6A5D0626BD329600397A2C;
					};
					6F6A5D2726BD329800397A2C = {
						CreatedOnToolsVersion = 12.5.1;
						TestTargetID = 6F6A5D0626BD329600397A2C;
					};
				};
			};
			buildConfigurationList = 6F6A5D0226BD329600397A2C /* Build configuration list for PBXProject "PLOSClient" */;
			compatibilityVersion = "Xcode 9.3";
			developmentRegion = en;
			hasScannedForEncodings = 0;
			knownRegions = (
				en,
				Base,
			);
			mainGroup = 6F6A5CFE26BD329600397A2C;
			packageReferences = (
				6F6A5D3A26BD336D00397A2C /* XCRemoteSwiftPackageReference "Resolver" */,
			);
			productRefGroup = 6F6A5D0826BD329600397A2C /* Products */;
			projectDirPath = "";
			projectRoot = "";
			targets = (
				6F6A5D0626BD329600397A2C /* PLOSClient */,
				6F6A5D1C26BD329800397A2C /* PLOSClientTests */,
				6F6A5D2726BD329800397A2C /* PLOSClientUITests */,
			);
		};
/* End PBXProject section */

/* Begin PBXResourcesBuildPhase section */
		6F6A5D0526BD329600397A2C /* Resources */ = {
			isa = PBXResourcesBuildPhase;
			buildActionMask = 2147483647;
			files = (
				6F6A5D1726BD329700397A2C /* LaunchScreen.storyboard in Resources */,
				6F6A5D1426BD329700397A2C /* Assets.xcassets in Resources */,
				6F6A5D1226BD329600397A2C /* Main.storyboard in Resources */,
			);
			runOnlyForDeploymentPostprocessing = 0;
		};
		6F6A5D1B26BD329800397A2C /* Resources */ = {
			isa = PBXResourcesBuildPhase;
			buildActionMask = 2147483647;
			files = (
			);
			runOnlyForDeploymentPostprocessing = 0;
		};
		6F6A5D2626BD329800397A2C /* Resources */ = {
			isa = PBXResourcesBuildPhase;
			buildActionMask = 2147483647;
			files = (
			);
			runOnlyForDeploymentPostprocessing = 0;
		};
/* End PBXResourcesBuildPhase section */

/* Begin PBXSourcesBuildPhase section */
		6F6A5D0326BD329600397A2C /* Sources */ = {
			isa = PBXSourcesBuildPhase;
			buildActionMask = 2147483647;
			files = (
				6F34CDE626C2DBC700767285 /* AppDelegate+Injection.swift in Sources */,
				6F6A5D4A26BD3CBC00397A2C /* DocumentsViewModel.swift in Sources */,
				6F6A5D5126BD3EFA00397A2C /* UseCase.swift in Sources */,
				6F34CDE726C2DBC700767285 /* Data+Injection.swift in Sources */,
				6F34CDD826C2CF3F00767285 /* DocumentsRepository.swift in Sources */,
				6F34CDC526C2CF2500767285 /* CommandRepository.swift in Sources */,
				6F34CDDD26C2CF3F00767285 /* Mapper.swift in Sources */,
				6F34CDE926C2DBC700767285 /* Domain+Injection.swift in Sources */,
				6F6A5D5A26BD3FB900397A2C /* History.swift in Sources */,
				6F6A5D0B26BD329600397A2C /* AppDelegate.swift in Sources */,
				6F34CDBC26C28DC200767285 /* HistoryViewCell.swift in Sources */,
				6F34CDC426C2CF2500767285 /* QueryRepository.swift in Sources */,
				6F6A5D5826BD3FA900397A2C /* Document.swift in Sources */,
				6F34CDE826C2DBC700767285 /* UI+Injection.swift in Sources */,
				6F34CDD726C2CF3F00767285 /* DocumentDTO.swift in Sources */,
				6F6A5D6226BD448300397A2C /* Binder.swift in Sources */,
				6F34CDDA26C2CF3F00767285 /* Storage.swift in Sources */,
				6F51BDAF26C183580067F8EF /* UIViewController+AlertError.swift in Sources */,
				6F34CDD526C2CF3F00767285 /* DefaultStorage.swift in Sources */,
				6F6A5D4626BD35DA00397A2C /* DocumentsViewController.swift in Sources */,
				6F6A5D4C26BD3CD100397A2C /* HistoryViewModel.swift in Sources */,
				6F34CDD626C2CF3F00767285 /* DefaultNetwork.swift in Sources */,
				6F6A5D0D26BD329600397A2C /* SceneDelegate.swift in Sources */,
				6F34CDBE26C28DD400767285 /* DocumentsViewCell.swift in Sources */,
				6F34CDDC26C2CF3F00767285 /* DocumentsMapper.swift in Sources */,
				6F6A5D4826BD377800397A2C /* HistoryViewController.swift in Sources */,
				6F34CDD926C2CF3F00767285 /* HistoryRepository.swift in Sources */,
				6F6A5D5C26BD421000397A2C /* AddHistoryUseCase.swift in Sources */,
				6F6A5D5E26BD437300397A2C /* SearchHistoryUseCase.swift in Sources */,
				6F34CDDB26C2CF3F00767285 /* Network.swift in Sources */,
				6F34CDEA26C2DBC700767285 /* Platform+Injection.swift in Sources */,
				6F6A5D5526BD3F7000397A2C /* SearchDocumentUseCase.swift in Sources */,
			);
			runOnlyForDeploymentPostprocessing = 0;
		};
		6F6A5D1926BD329800397A2C /* Sources */ = {
			isa = PBXSourcesBuildPhase;
			buildActionMask = 2147483647;
			files = (
				6FD5AB6626C3DA4F005E3993 /* HistoryRepositoryTests.swift in Sources */,
				6F51BDA326C160FE0067F8EF /* HistoryViewModelTests.swift in Sources */,
				6F51BDA826C17E000067F8EF /* SearchDocumentUseCaseTests.swift in Sources */,
				6FD5AB6726C3DA4F005E3993 /* DocumentsRepositoryTests.swift in Sources */,
				6F51BDAB26C17EAD0067F8EF /* AddHistoryUseCaseTests.swift in Sources */,
				6F51BD9F26C14D140067F8EF /* TestError.swift in Sources */,
				6F51BD9D26C14A5C0067F8EF /* Document+Extension.swift in Sources */,
				6F51BDAD26C17EC00067F8EF /* SearchHistoryUseCaseTests.swift in Sources */,
				6F51BD9826C138770067F8EF /* DocumentsViewModelTests.swift in Sources */,
			);
			runOnlyForDeploymentPostprocessing = 0;
		};
		6F6A5D2426BD329800397A2C /* Sources */ = {
			isa = PBXSourcesBuildPhase;
			buildActionMask = 2147483647;
			files = (
				6F6A5D2D26BD329800397A2C /* PLOSClientUITests.swift in Sources */,
			);
			runOnlyForDeploymentPostprocessing = 0;
		};
/* End PBXSourcesBuildPhase section */

/* Begin PBXTargetDependency section */
		6F6A5D1F26BD329800397A2C /* PBXTargetDependency */ = {
			isa = PBXTargetDependency;
			target = 6F6A5D0626BD329600397A2C /* PLOSClient */;
			targetProxy = 6F6A5D1E26BD329800397A2C /* PBXContainerItemProxy */;
		};
		6F6A5D2A26BD329800397A2C /* PBXTargetDependency */ = {
			isa = PBXTargetDependency;
			target = 6F6A5D0626BD329600397A2C /* PLOSClient */;
			targetProxy = 6F6A5D2926BD329800397A2C /* PBXContainerItemProxy */;
		};
/* End PBXTargetDependency section */

/* Begin PBXVariantGroup section */
		6F6A5D1026BD329600397A2C /* Main.storyboard */ = {
			isa = PBXVariantGroup;
			children = (
				6F6A5D1126BD329600397A2C /* Base */,
			);
			name = Main.storyboard;
			sourceTree = "<group>";
		};
		6F6A5D1526BD329700397A2C /* LaunchScreen.storyboard */ = {
			isa = PBXVariantGroup;
			children = (
				6F6A5D1626BD329700397A2C /* Base */,
			);
			name = LaunchScreen.storyboard;
			sourceTree = "<group>";
		};
/* End PBXVariantGroup section */

/* Begin XCBuildConfiguration section */
		6F6A5D2F26BD329800397A2C /* Debug */ = {
			isa = XCBuildConfiguration;
			buildSettings = {
				ALWAYS_SEARCH_USER_PATHS = NO;
				CLANG_ANALYZER_NONNULL = YES;
				CLANG_ANALYZER_NUMBER_OBJECT_CONVERSION = YES_AGGRESSIVE;
				CLANG_CXX_LANGUAGE_STANDARD = "gnu++14";
				CLANG_CXX_LIBRARY = "libc++";
				CLANG_ENABLE_MODULES = YES;
				CLANG_ENABLE_OBJC_ARC = YES;
				CLANG_ENABLE_OBJC_WEAK = YES;
				CLANG_WARN_BLOCK_CAPTURE_AUTORELEASING = YES;
				CLANG_WARN_BOOL_CONVERSION = YES;
				CLANG_WARN_COMMA = YES;
				CLANG_WARN_CONSTANT_CONVERSION = YES;
				CLANG_WARN_DEPRECATED_OBJC_IMPLEMENTATIONS = YES;
				CLANG_WARN_DIRECT_OBJC_ISA_USAGE = YES_ERROR;
				CLANG_WARN_DOCUMENTATION_COMMENTS = YES;
				CLANG_WARN_EMPTY_BODY = YES;
				CLANG_WARN_ENUM_CONVERSION = YES;
				CLANG_WARN_INFINITE_RECURSION = YES;
				CLANG_WARN_INT_CONVERSION = YES;
				CLANG_WARN_NON_LITERAL_NULL_CONVERSION = YES;
				CLANG_WARN_OBJC_IMPLICIT_RETAIN_SELF = YES;
				CLANG_WARN_OBJC_LITERAL_CONVERSION = YES;
				CLANG_WARN_OBJC_ROOT_CLASS = YES_ERROR;
				CLANG_WARN_QUOTED_INCLUDE_IN_FRAMEWORK_HEADER = YES;
				CLANG_WARN_RANGE_LOOP_ANALYSIS = YES;
				CLANG_WARN_STRICT_PROTOTYPES = YES;
				CLANG_WARN_SUSPICIOUS_MOVE = YES;
				CLANG_WARN_UNGUARDED_AVAILABILITY = YES_AGGRESSIVE;
				CLANG_WARN_UNREACHABLE_CODE = YES;
				CLANG_WARN__DUPLICATE_METHOD_MATCH = YES;
				COPY_PHASE_STRIP = NO;
				DEBUG_INFORMATION_FORMAT = dwarf;
				ENABLE_STRICT_OBJC_MSGSEND = YES;
				ENABLE_TESTABILITY = YES;
				GCC_C_LANGUAGE_STANDARD = gnu11;
				GCC_DYNAMIC_NO_PIC = NO;
				GCC_NO_COMMON_BLOCKS = YES;
				GCC_OPTIMIZATION_LEVEL = 0;
				GCC_PREPROCESSOR_DEFINITIONS = (
					"DEBUG=1",
					"$(inherited)",
				);
				GCC_WARN_64_TO_32_BIT_CONVERSION = YES;
				GCC_WARN_ABOUT_RETURN_TYPE = YES_ERROR;
				GCC_WARN_UNDECLARED_SELECTOR = YES;
				GCC_WARN_UNINITIALIZED_AUTOS = YES_AGGRESSIVE;
				GCC_WARN_UNUSED_FUNCTION = YES;
				GCC_WARN_UNUSED_VARIABLE = YES;
				IPHONEOS_DEPLOYMENT_TARGET = 14.5;
				MTL_ENABLE_DEBUG_INFO = INCLUDE_SOURCE;
				MTL_FAST_MATH = YES;
				ONLY_ACTIVE_ARCH = YES;
				SDKROOT = iphoneos;
				SWIFT_ACTIVE_COMPILATION_CONDITIONS = DEBUG;
				SWIFT_OPTIMIZATION_LEVEL = "-Onone";
			};
			name = Debug;
		};
		6F6A5D3026BD329800397A2C /* Release */ = {
			isa = XCBuildConfiguration;
			buildSettings = {
				ALWAYS_SEARCH_USER_PATHS = NO;
				CLANG_ANALYZER_NONNULL = YES;
				CLANG_ANALYZER_NUMBER_OBJECT_CONVERSION = YES_AGGRESSIVE;
				CLANG_CXX_LANGUAGE_STANDARD = "gnu++14";
				CLANG_CXX_LIBRARY = "libc++";
				CLANG_ENABLE_MODULES = YES;
				CLANG_ENABLE_OBJC_ARC = YES;
				CLANG_ENABLE_OBJC_WEAK = YES;
				CLANG_WARN_BLOCK_CAPTURE_AUTORELEASING = YES;
				CLANG_WARN_BOOL_CONVERSION = YES;
				CLANG_WARN_COMMA = YES;
				CLANG_WARN_CONSTANT_CONVERSION = YES;
				CLANG_WARN_DEPRECATED_OBJC_IMPLEMENTATIONS = YES;
				CLANG_WARN_DIRECT_OBJC_ISA_USAGE = YES_ERROR;
				CLANG_WARN_DOCUMENTATION_COMMENTS = YES;
				CLANG_WARN_EMPTY_BODY = YES;
				CLANG_WARN_ENUM_CONVERSION = YES;
				CLANG_WARN_INFINITE_RECURSION = YES;
				CLANG_WARN_INT_CONVERSION = YES;
				CLANG_WARN_NON_LITERAL_NULL_CONVERSION = YES;
				CLANG_WARN_OBJC_IMPLICIT_RETAIN_SELF = YES;
				CLANG_WARN_OBJC_LITERAL_CONVERSION = YES;
				CLANG_WARN_OBJC_ROOT_CLASS = YES_ERROR;
				CLANG_WARN_QUOTED_INCLUDE_IN_FRAMEWORK_HEADER = YES;
				CLANG_WARN_RANGE_LOOP_ANALYSIS = YES;
				CLANG_WARN_STRICT_PROTOTYPES = YES;
				CLANG_WARN_SUSPICIOUS_MOVE = YES;
				CLANG_WARN_UNGUARDED_AVAILABILITY = YES_AGGRESSIVE;
				CLANG_WARN_UNREACHABLE_CODE = YES;
				CLANG_WARN__DUPLICATE_METHOD_MATCH = YES;
				COPY_PHASE_STRIP = NO;
				DEBUG_INFORMATION_FORMAT = "dwarf-with-dsym";
				ENABLE_NS_ASSERTIONS = NO;
				ENABLE_STRICT_OBJC_MSGSEND = YES;
				GCC_C_LANGUAGE_STANDARD = gnu11;
				GCC_NO_COMMON_BLOCKS = YES;
				GCC_WARN_64_TO_32_BIT_CONVERSION = YES;
				GCC_WARN_ABOUT_RETURN_TYPE = YES_ERROR;
				GCC_WARN_UNDECLARED_SELECTOR = YES;
				GCC_WARN_UNINITIALIZED_AUTOS = YES_AGGRESSIVE;
				GCC_WARN_UNUSED_FUNCTION = YES;
				GCC_WARN_UNUSED_VARIABLE = YES;
				IPHONEOS_DEPLOYMENT_TARGET = 14.5;
				MTL_ENABLE_DEBUG_INFO = NO;
				MTL_FAST_MATH = YES;
				SDKROOT = iphoneos;
				SWIFT_COMPILATION_MODE = wholemodule;
				SWIFT_OPTIMIZATION_LEVEL = "-O";
				VALIDATE_PRODUCT = YES;
			};
			name = Release;
		};
		6F6A5D3226BD329800397A2C /* Debug */ = {
			isa = XCBuildConfiguration;
			buildSettings = {
				ASSETCATALOG_COMPILER_APPICON_NAME = AppIcon;
				ASSETCATALOG_COMPILER_GLOBAL_ACCENT_COLOR_NAME = AccentColor;
				CODE_SIGN_STYLE = Automatic;
				DEVELOPMENT_TEAM = C4TQ3RFT6E;
				INFOPLIST_FILE = PLOSClient/Info.plist;
				LD_RUNPATH_SEARCH_PATHS = (
					"$(inherited)",
					"@executable_path/Frameworks",
				);
				PRODUCT_BUNDLE_IDENTIFIER = yac.PLOSClient;
				PRODUCT_NAME = "$(TARGET_NAME)";
				SWIFT_VERSION = 5.0;
				TARGETED_DEVICE_FAMILY = "1,2";
			};
			name = Debug;
		};
		6F6A5D3326BD329800397A2C /* Release */ = {
			isa = XCBuildConfiguration;
			buildSettings = {
				ASSETCATALOG_COMPILER_APPICON_NAME = AppIcon;
				ASSETCATALOG_COMPILER_GLOBAL_ACCENT_COLOR_NAME = AccentColor;
				CODE_SIGN_STYLE = Automatic;
				DEVELOPMENT_TEAM = C4TQ3RFT6E;
				INFOPLIST_FILE = PLOSClient/Info.plist;
				LD_RUNPATH_SEARCH_PATHS = (
					"$(inherited)",
					"@executable_path/Frameworks",
				);
				PRODUCT_BUNDLE_IDENTIFIER = yac.PLOSClient;
				PRODUCT_NAME = "$(TARGET_NAME)";
				SWIFT_VERSION = 5.0;
				TARGETED_DEVICE_FAMILY = "1,2";
			};
			name = Release;
		};
		6F6A5D3526BD329800397A2C /* Debug */ = {
			isa = XCBuildConfiguration;
			buildSettings = {
				ALWAYS_EMBED_SWIFT_STANDARD_LIBRARIES = YES;
				BUNDLE_LOADER = "$(TEST_HOST)";
				CLANG_ENABLE_MODULES = YES;
				CODE_SIGN_STYLE = Automatic;
				DEVELOPMENT_TEAM = C4TQ3RFT6E;
				INFOPLIST_FILE = PLOSClientTests/Info.plist;
				IPHONEOS_DEPLOYMENT_TARGET = 14.5;
				LD_RUNPATH_SEARCH_PATHS = (
					"$(inherited)",
					"@executable_path/Frameworks",
					"@loader_path/Frameworks",
				);
				PRODUCT_BUNDLE_IDENTIFIER = yac.PLOSClientTests;
				PRODUCT_NAME = "$(TARGET_NAME)";
				SWIFT_OPTIMIZATION_LEVEL = "-Onone";
				SWIFT_VERSION = 5.0;
				TARGETED_DEVICE_FAMILY = "1,2";
				TEST_HOST = "$(BUILT_PRODUCTS_DIR)/PLOSClient.app/PLOSClient";
			};
			name = Debug;
		};
		6F6A5D3626BD329800397A2C /* Release */ = {
			isa = XCBuildConfiguration;
			buildSettings = {
				ALWAYS_EMBED_SWIFT_STANDARD_LIBRARIES = YES;
				BUNDLE_LOADER = "$(TEST_HOST)";
				CLANG_ENABLE_MODULES = YES;
				CODE_SIGN_STYLE = Automatic;
				DEVELOPMENT_TEAM = C4TQ3RFT6E;
				INFOPLIST_FILE = PLOSClientTests/Info.plist;
				IPHONEOS_DEPLOYMENT_TARGET = 14.5;
				LD_RUNPATH_SEARCH_PATHS = (
					"$(inherited)",
					"@executable_path/Frameworks",
					"@loader_path/Frameworks",
				);
				PRODUCT_BUNDLE_IDENTIFIER = yac.PLOSClientTests;
				PRODUCT_NAME = "$(TARGET_NAME)";
				SWIFT_VERSION = 5.0;
				TARGETED_DEVICE_FAMILY = "1,2";
				TEST_HOST = "$(BUILT_PRODUCTS_DIR)/PLOSClient.app/PLOSClient";
			};
			name = Release;
		};
		6F6A5D3826BD329800397A2C /* Debug */ = {
			isa = XCBuildConfiguration;
			buildSettings = {
				ALWAYS_EMBED_SWIFT_STANDARD_LIBRARIES = YES;
				CODE_SIGN_STYLE = Automatic;
				DEVELOPMENT_TEAM = C4TQ3RFT6E;
				INFOPLIST_FILE = PLOSClientUITests/Info.plist;
				LD_RUNPATH_SEARCH_PATHS = (
					"$(inherited)",
					"@executable_path/Frameworks",
					"@loader_path/Frameworks",
				);
				PRODUCT_BUNDLE_IDENTIFIER = yac.PLOSClientUITests;
				PRODUCT_NAME = "$(TARGET_NAME)";
				SWIFT_VERSION = 5.0;
				TARGETED_DEVICE_FAMILY = "1,2";
				TEST_TARGET_NAME = PLOSClient;
			};
			name = Debug;
		};
		6F6A5D3926BD329800397A2C /* Release */ = {
			isa = XCBuildConfiguration;
			buildSettings = {
				ALWAYS_EMBED_SWIFT_STANDARD_LIBRARIES = YES;
				CODE_SIGN_STYLE = Automatic;
				DEVELOPMENT_TEAM = C4TQ3RFT6E;
				INFOPLIST_FILE = PLOSClientUITests/Info.plist;
				LD_RUNPATH_SEARCH_PATHS = (
					"$(inherited)",
					"@executable_path/Frameworks",
					"@loader_path/Frameworks",
				);
				PRODUCT_BUNDLE_IDENTIFIER = yac.PLOSClientUITests;
				PRODUCT_NAME = "$(TARGET_NAME)";
				SWIFT_VERSION = 5.0;
				TARGETED_DEVICE_FAMILY = "1,2";
				TEST_TARGET_NAME = PLOSClient;
			};
			name = Release;
		};
/* End XCBuildConfiguration section */

/* Begin XCConfigurationList section */
		6F6A5D0226BD329600397A2C /* Build configuration list for PBXProject "PLOSClient" */ = {
			isa = XCConfigurationList;
			buildConfigurations = (
				6F6A5D2F26BD329800397A2C /* Debug */,
				6F6A5D3026BD329800397A2C /* Release */,
			);
			defaultConfigurationIsVisible = 0;
			defaultConfigurationName = Release;
		};
		6F6A5D3126BD329800397A2C /* Build configuration list for PBXNativeTarget "PLOSClient" */ = {
			isa = XCConfigurationList;
			buildConfigurations = (
				6F6A5D3226BD329800397A2C /* Debug */,
				6F6A5D3326BD329800397A2C /* Release */,
			);
			defaultConfigurationIsVisible = 0;
			defaultConfigurationName = Release;
		};
		6F6A5D3426BD329800397A2C /* Build configuration list for PBXNativeTarget "PLOSClientTests" */ = {
			isa = XCConfigurationList;
			buildConfigurations = (
				6F6A5D3526BD329800397A2C /* Debug */,
				6F6A5D3626BD329800397A2C /* Release */,
			);
			defaultConfigurationIsVisible = 0;
			defaultConfigurationName = Release;
		};
		6F6A5D3726BD329800397A2C /* Build configuration list for PBXNativeTarget "PLOSClientUITests" */ = {
			isa = XCConfigurationList;
			buildConfigurations = (
				6F6A5D3826BD329800397A2C /* Debug */,
				6F6A5D3926BD329800397A2C /* Release */,
			);
			defaultConfigurationIsVisible = 0;
			defaultConfigurationName = Release;
		};
/* End XCConfigurationList section */

/* Begin XCRemoteSwiftPackageReference section */
		6F6A5D3A26BD336D00397A2C /* XCRemoteSwiftPackageReference "Resolver" */ = {
			isa = XCRemoteSwiftPackageReference;
			repositoryURL = "https://github.com/hmlongco/Resolver.git";
			requirement = {
				kind = upToNextMajorVersion;
				minimumVersion = 1.4.3;
			};
		};
/* End XCRemoteSwiftPackageReference section */

/* Begin XCSwiftPackageProductDependency section */
		6F6A5D3B26BD336D00397A2C /* Resolver */ = {
			isa = XCSwiftPackageProductDependency;
			package = 6F6A5D3A26BD336D00397A2C /* XCRemoteSwiftPackageReference "Resolver" */;
			productName = Resolver;
		};
/* End XCSwiftPackageProductDependency section */
	};
	rootObject = 6F6A5CFF26BD329600397A2C /* Project object */;
}
